# This file is automatically @generated by Cargo.
# It is not intended for manual editing.
version = 3

[[package]]
name = "asm_riscv"
version = "0.1.0"
source = "git+https://github.com/onsdagens/wari/#4dc160b7a40731af839744edc1a6fe88fe361cad"

[[package]]
name = "riscv_asm_strings"
version = "0.1.0"
dependencies = [
 "asm_riscv",
]
