# This file is automatically @generated by Cargo.
# It is not intended for manual editing.
version = 3

[[package]]
name = "asm_riscv"
version = "0.1.0"
source = "git+https://github.com/onsdagens/wari/#9adfe5fdaa6707e8fdf039f168b843b392655ef6"

[[package]]
name = "riscv_asm_strings"
version = "0.1.0"
dependencies = [
 "asm_riscv",
]
