# This file is automatically @generated by Cargo.
# It is not intended for manual editing.
version = 4

[[package]]
name = "asm_riscv"
version = "0.1.0"
source = "git+https://github.com/onsdagens/wari/#c0a44c09c4dc6a6a50c0648a53f507039e622089"

[[package]]
name = "riscv_asm_strings"
version = "0.1.0"
dependencies = [
 "asm_riscv",
]
